// !$*UTF8*$!
{
	archiveVersion = 1;
	classes = {
	};
	objectVersion = 46;
	objects = {

/* Begin PBXBuildFile section */
		0A4BB4F0179F4D9F001F5FE6 /* AppDelegate.m in Sources */ = {isa = PBXBuildFile; fileRef = 0A4BB4E4179F4D9F001F5FE6 /* AppDelegate.m */; };
		0A4BB4F1179F4D9F001F5FE6 /* DataManager.m in Sources */ = {isa = PBXBuildFile; fileRef = 0A4BB4E6179F4D9F001F5FE6 /* DataManager.m */; };
		0A4BB4F2179F4D9F001F5FE6 /* main.m in Sources */ = {isa = PBXBuildFile; fileRef = 0A4BB4E7179F4D9F001F5FE6 /* main.m */; };
		0A4BB4F3179F4D9F001F5FE6 /* PeopleViewController.m in Sources */ = {isa = PBXBuildFile; fileRef = 0A4BB4E9179F4D9F001F5FE6 /* PeopleViewController.m */; };
		0A4BB4F4179F4D9F001F5FE6 /* PersonViewController.m in Sources */ = {isa = PBXBuildFile; fileRef = 0A4BB4EB179F4D9F001F5FE6 /* PersonViewController.m */; };
		0A4BB4F5179F4D9F001F5FE6 /* TrackingViewController.m in Sources */ = {isa = PBXBuildFile; fileRef = 0A4BB4ED179F4D9F001F5FE6 /* TrackingViewController.m */; };
		0A4BB4F6179F4D9F001F5FE6 /* ViewController.m in Sources */ = {isa = PBXBuildFile; fileRef = 0A4BB4EF179F4D9F001F5FE6 /* ViewController.m */; };
		0A4BB4FC179F4DB6001F5FE6 /* MapPin.m in Sources */ = {isa = PBXBuildFile; fileRef = 0A4BB4F9179F4DB6001F5FE6 /* MapPin.m */; };
		0A4BB4FD179F4DB6001F5FE6 /* Person.m in Sources */ = {isa = PBXBuildFile; fileRef = 0A4BB4FB179F4DB6001F5FE6 /* Person.m */; };
		0A4BB509179F4DC2001F5FE6 /* banner_bottom.png in Resources */ = {isa = PBXBuildFile; fileRef = 0A4BB500179F4DC2001F5FE6 /* banner_bottom.png */; };
		0A4BB50A179F4DC2001F5FE6 /* button_main.png in Resources */ = {isa = PBXBuildFile; fileRef = 0A4BB501179F4DC2001F5FE6 /* button_main.png */; };
		0A4BB50B179F4DC2001F5FE6 /* button_small.png in Resources */ = {isa = PBXBuildFile; fileRef = 0A4BB502179F4DC2001F5FE6 /* button_small.png */; };
		0A4BB50C179F4DC2001F5FE6 /* Default-568h@2x.png in Resources */ = {isa = PBXBuildFile; fileRef = 0A4BB503179F4DC2001F5FE6 /* Default-568h@2x.png */; };
		0A4BB50D179F4DC2001F5FE6 /* Default.png in Resources */ = {isa = PBXBuildFile; fileRef = 0A4BB504179F4DC2001F5FE6 /* Default.png */; };
		0A4BB50E179F4DC2001F5FE6 /* Default@2x.png in Resources */ = {isa = PBXBuildFile; fileRef = 0A4BB505179F4DC2001F5FE6 /* Default@2x.png */; };
		0A4BB50F179F4DC2001F5FE6 /* icon.png in Resources */ = {isa = PBXBuildFile; fileRef = 0A4BB506179F4DC2001F5FE6 /* icon.png */; };
		0A4BB510179F4DC2001F5FE6 /* icon@2x.png in Resources */ = {isa = PBXBuildFile; fileRef = 0A4BB507179F4DC2001F5FE6 /* icon@2x.png */; };
		0A4BB511179F4DC2001F5FE6 /* MainStoryboard_iPhone.storyboard in Resources */ = {isa = PBXBuildFile; fileRef = 0A4BB508179F4DC2001F5FE6 /* MainStoryboard_iPhone.storyboard */; };
		0A4BB520179F4EF0001F5FE6 /* imlost-Info.plist in Resources */ = {isa = PBXBuildFile; fileRef = 0A4BB51B179F4EF0001F5FE6 /* imlost-Info.plist */; };
		0A4BB521179F4EF0001F5FE6 /* InfoPlist.strings in Resources */ = {isa = PBXBuildFile; fileRef = 0A4BB51E179F4EF0001F5FE6 /* InfoPlist.strings */; };
		0A528E1F172143740038609E /* UIKit.framework in Frameworks */ = {isa = PBXBuildFile; fileRef = 0A528E1E172143740038609E /* UIKit.framework */; };
		0A528E21172143740038609E /* Foundation.framework in Frameworks */ = {isa = PBXBuildFile; fileRef = 0A528E20172143740038609E /* Foundation.framework */; };
		0A528E23172143740038609E /* CoreGraphics.framework in Frameworks */ = {isa = PBXBuildFile; fileRef = 0A528E22172143740038609E /* CoreGraphics.framework */; };
		0A528E621721442B0038609E /* CoreLocation.framework in Frameworks */ = {isa = PBXBuildFile; fileRef = 0A528E611721442B0038609E /* CoreLocation.framework */; };
		0A528E64172144310038609E /* MapKit.framework in Frameworks */ = {isa = PBXBuildFile; fileRef = 0A528E63172144310038609E /* MapKit.framework */; };
/* End PBXBuildFile section */

/* Begin PBXFileReference section */
		0A4BB4E3179F4D9F001F5FE6 /* AppDelegate.h */ = {isa = PBXFileReference; fileEncoding = 4; lastKnownFileType = sourcecode.c.h; path = AppDelegate.h; sourceTree = "<group>"; };
		0A4BB4E4179F4D9F001F5FE6 /* AppDelegate.m */ = {isa = PBXFileReference; fileEncoding = 4; lastKnownFileType = sourcecode.c.objc; path = AppDelegate.m; sourceTree = "<group>"; };
		0A4BB4E5179F4D9F001F5FE6 /* DataManager.h */ = {isa = PBXFileReference; fileEncoding = 4; lastKnownFileType = sourcecode.c.h; path = DataManager.h; sourceTree = "<group>"; };
		0A4BB4E6179F4D9F001F5FE6 /* DataManager.m */ = {isa = PBXFileReference; fileEncoding = 4; lastKnownFileType = sourcecode.c.objc; path = DataManager.m; sourceTree = "<group>"; };
		0A4BB4E7179F4D9F001F5FE6 /* main.m */ = {isa = PBXFileReference; fileEncoding = 4; lastKnownFileType = sourcecode.c.objc; path = main.m; sourceTree = "<group>"; };
		0A4BB4E8179F4D9F001F5FE6 /* PeopleViewController.h */ = {isa = PBXFileReference; fileEncoding = 4; lastKnownFileType = sourcecode.c.h; path = PeopleViewController.h; sourceTree = "<group>"; };
		0A4BB4E9179F4D9F001F5FE6 /* PeopleViewController.m */ = {isa = PBXFileReference; fileEncoding = 4; lastKnownFileType = sourcecode.c.objc; path = PeopleViewController.m; sourceTree = "<group>"; };
		0A4BB4EA179F4D9F001F5FE6 /* PersonViewController.h */ = {isa = PBXFileReference; fileEncoding = 4; lastKnownFileType = sourcecode.c.h; path = PersonViewController.h; sourceTree = "<group>"; };
		0A4BB4EB179F4D9F001F5FE6 /* PersonViewController.m */ = {isa = PBXFileReference; fileEncoding = 4; lastKnownFileType = sourcecode.c.objc; path = PersonViewController.m; sourceTree = "<group>"; };
		0A4BB4EC179F4D9F001F5FE6 /* TrackingViewController.h */ = {isa = PBXFileReference; fileEncoding = 4; lastKnownFileType = sourcecode.c.h; path = TrackingViewController.h; sourceTree = "<group>"; };
		0A4BB4ED179F4D9F001F5FE6 /* TrackingViewController.m */ = {isa = PBXFileReference; fileEncoding = 4; lastKnownFileType = sourcecode.c.objc; path = TrackingViewController.m; sourceTree = "<group>"; };
		0A4BB4EE179F4D9F001F5FE6 /* ViewController.h */ = {isa = PBXFileReference; fileEncoding = 4; lastKnownFileType = sourcecode.c.h; path = ViewController.h; sourceTree = "<group>"; };
		0A4BB4EF179F4D9F001F5FE6 /* ViewController.m */ = {isa = PBXFileReference; fileEncoding = 4; lastKnownFileType = sourcecode.c.objc; path = ViewController.m; sourceTree = "<group>"; };
		0A4BB4F8179F4DB6001F5FE6 /* MapPin.h */ = {isa = PBXFileReference; fileEncoding = 4; lastKnownFileType = sourcecode.c.h; path = MapPin.h; sourceTree = "<group>"; };
		0A4BB4F9179F4DB6001F5FE6 /* MapPin.m */ = {isa = PBXFileReference; fileEncoding = 4; lastKnownFileType = sourcecode.c.objc; path = MapPin.m; sourceTree = "<group>"; };
		0A4BB4FA179F4DB6001F5FE6 /* Person.h */ = {isa = PBXFileReference; fileEncoding = 4; lastKnownFileType = sourcecode.c.h; path = Person.h; sourceTree = "<group>"; };
		0A4BB4FB179F4DB6001F5FE6 /* Person.m */ = {isa = PBXFileReference; fileEncoding = 4; lastKnownFileType = sourcecode.c.objc; path = Person.m; sourceTree = "<group>"; };
		0A4BB500179F4DC2001F5FE6 /* banner_bottom.png */ = {isa = PBXFileReference; lastKnownFileType = image.png; path = banner_bottom.png; sourceTree = "<group>"; };
		0A4BB501179F4DC2001F5FE6 /* button_main.png */ = {isa = PBXFileReference; lastKnownFileType = image.png; path = button_main.png; sourceTree = "<group>"; };
		0A4BB502179F4DC2001F5FE6 /* button_small.png */ = {isa = PBXFileReference; lastKnownFileType = image.png; path = button_small.png; sourceTree = "<group>"; };
		0A4BB503179F4DC2001F5FE6 /* Default-568h@2x.png */ = {isa = PBXFileReference; lastKnownFileType = image.png; path = "Default-568h@2x.png"; sourceTree = "<group>"; };
		0A4BB504179F4DC2001F5FE6 /* Default.png */ = {isa = PBXFileReference; lastKnownFileType = image.png; path = Default.png; sourceTree = "<group>"; };
		0A4BB505179F4DC2001F5FE6 /* Default@2x.png */ = {isa = PBXFileReference; lastKnownFileType = image.png; path = "Default@2x.png"; sourceTree = "<group>"; };
		0A4BB506179F4DC2001F5FE6 /* icon.png */ = {isa = PBXFileReference; lastKnownFileType = image.png; path = icon.png; sourceTree = "<group>"; };
		0A4BB507179F4DC2001F5FE6 /* icon@2x.png */ = {isa = PBXFileReference; lastKnownFileType = image.png; path = "icon@2x.png"; sourceTree = "<group>"; };
		0A4BB508179F4DC2001F5FE6 /* MainStoryboard_iPhone.storyboard */ = {isa = PBXFileReference; fileEncoding = 4; lastKnownFileType = file.storyboard; path = MainStoryboard_iPhone.storyboard; sourceTree = "<group>"; };
		0A4BB51B179F4EF0001F5FE6 /* imlost-Info.plist */ = {isa = PBXFileReference; fileEncoding = 4; lastKnownFileType = text.plist.xml; path = "imlost-Info.plist"; sourceTree = "<group>"; };
		0A4BB51C179F4EF0001F5FE6 /* imlost-Prefix.pch */ = {isa = PBXFileReference; fileEncoding = 4; lastKnownFileType = sourcecode.c.h; path = "imlost-Prefix.pch"; sourceTree = "<group>"; };
		0A4BB51F179F4EF0001F5FE6 /* en */ = {isa = PBXFileReference; lastKnownFileType = text.plist.strings; name = en; path = en.lproj/InfoPlist.strings; sourceTree = "<group>"; };
		0A528E1B172143740038609E /* imlost.app */ = {isa = PBXFileReference; explicitFileType = wrapper.application; includeInIndex = 0; path = imlost.app; sourceTree = BUILT_PRODUCTS_DIR; };
		0A528E1E172143740038609E /* UIKit.framework */ = {isa = PBXFileReference; lastKnownFileType = wrapper.framework; name = UIKit.framework; path = System/Library/Frameworks/UIKit.framework; sourceTree = SDKROOT; };
		0A528E20172143740038609E /* Foundation.framework */ = {isa = PBXFileReference; lastKnownFileType = wrapper.framework; name = Foundation.framework; path = System/Library/Frameworks/Foundation.framework; sourceTree = SDKROOT; };
		0A528E22172143740038609E /* CoreGraphics.framework */ = {isa = PBXFileReference; lastKnownFileType = wrapper.framework; name = CoreGraphics.framework; path = System/Library/Frameworks/CoreGraphics.framework; sourceTree = SDKROOT; };
		0A528E611721442B0038609E /* CoreLocation.framework */ = {isa = PBXFileReference; lastKnownFileType = wrapper.framework; name = CoreLocation.framework; path = System/Library/Frameworks/CoreLocation.framework; sourceTree = SDKROOT; };
		0A528E63172144310038609E /* MapKit.framework */ = {isa = PBXFileReference; lastKnownFileType = wrapper.framework; name = MapKit.framework; path = System/Library/Frameworks/MapKit.framework; sourceTree = SDKROOT; };
/* End PBXFileReference section */

/* Begin PBXFrameworksBuildPhase section */
		0A528E18172143740038609E /* Frameworks */ = {
			isa = PBXFrameworksBuildPhase;
			buildActionMask = 2147483647;
			files = (
				0A528E64172144310038609E /* MapKit.framework in Frameworks */,
				0A528E621721442B0038609E /* CoreLocation.framework in Frameworks */,
				0A528E1F172143740038609E /* UIKit.framework in Frameworks */,
				0A528E21172143740038609E /* Foundation.framework in Frameworks */,
				0A528E23172143740038609E /* CoreGraphics.framework in Frameworks */,
			);
			runOnlyForDeploymentPostprocessing = 0;
		};
/* End PBXFrameworksBuildPhase section */

/* Begin PBXGroup section */
		0A4BB4E2179F4D9F001F5FE6 /* Controller */ = {
			isa = PBXGroup;
			children = (
				0A4BB4E3179F4D9F001F5FE6 /* AppDelegate.h */,
				0A4BB4E4179F4D9F001F5FE6 /* AppDelegate.m */,
				0A4BB4E5179F4D9F001F5FE6 /* DataManager.h */,
				0A4BB4E6179F4D9F001F5FE6 /* DataManager.m */,
				0A4BB4E7179F4D9F001F5FE6 /* main.m */,
				0A4BB4E8179F4D9F001F5FE6 /* PeopleViewController.h */,
				0A4BB4E9179F4D9F001F5FE6 /* PeopleViewController.m */,
				0A4BB4EA179F4D9F001F5FE6 /* PersonViewController.h */,
				0A4BB4EB179F4D9F001F5FE6 /* PersonViewController.m */,
				0A4BB4EC179F4D9F001F5FE6 /* TrackingViewController.h */,
				0A4BB4ED179F4D9F001F5FE6 /* TrackingViewController.m */,
				0A4BB4EE179F4D9F001F5FE6 /* ViewController.h */,
				0A4BB4EF179F4D9F001F5FE6 /* ViewController.m */,
			);
			path = Controller;
			sourceTree = "<group>";
		};
		0A4BB4F7179F4DB6001F5FE6 /* Model */ = {
			isa = PBXGroup;
			children = (
				0A4BB51A179F4EF0001F5FE6 /* iPhone */,
				0A4BB51D179F4EF0001F5FE6 /* Localization */,
				0A4BB4F8179F4DB6001F5FE6 /* MapPin.h */,
				0A4BB4F9179F4DB6001F5FE6 /* MapPin.m */,
				0A4BB4FA179F4DB6001F5FE6 /* Person.h */,
				0A4BB4FB179F4DB6001F5FE6 /* Person.m */,
			);
			path = Model;
			sourceTree = "<group>";
		};
		0A4BB4FE179F4DC2001F5FE6 /* View */ = {
			isa = PBXGroup;
			children = (
				0A4BB4FF179F4DC2001F5FE6 /* Images */,
				0A4BB508179F4DC2001F5FE6 /* MainStoryboard_iPhone.storyboard */,
			);
			path = View;
			sourceTree = "<group>";
		};
		0A4BB4FF179F4DC2001F5FE6 /* Images */ = {
			isa = PBXGroup;
			children = (
				0A4BB500179F4DC2001F5FE6 /* banner_bottom.png */,
				0A4BB501179F4DC2001F5FE6 /* button_main.png */,
				0A4BB502179F4DC2001F5FE6 /* button_small.png */,
				0A4BB503179F4DC2001F5FE6 /* Default-568h@2x.png */,
				0A4BB504179F4DC2001F5FE6 /* Default.png */,
				0A4BB505179F4DC2001F5FE6 /* Default@2x.png */,
				0A4BB506179F4DC2001F5FE6 /* icon.png */,
				0A4BB507179F4DC2001F5FE6 /* icon@2x.png */,
			);
			path = Images;
			sourceTree = "<group>";
		};
		0A4BB51A179F4EF0001F5FE6 /* iPhone */ = {
			isa = PBXGroup;
			children = (
				0A4BB51B179F4EF0001F5FE6 /* imlost-Info.plist */,
				0A4BB51C179F4EF0001F5FE6 /* imlost-Prefix.pch */,
			);
			path = iPhone;
			sourceTree = "<group>";
		};
		0A4BB51D179F4EF0001F5FE6 /* Localization */ = {
			isa = PBXGroup;
			children = (
				0A4BB51E179F4EF0001F5FE6 /* InfoPlist.strings */,
			);
			path = Localization;
			sourceTree = "<group>";
		};
		0A528E12172143740038609E = {
			isa = PBXGroup;
			children = (
				0A528E24172143740038609E /* imlost */,
				0A528E1D172143740038609E /* Frameworks */,
				0A528E1C172143740038609E /* Products */,
			);
			sourceTree = "<group>";
		};
		0A528E1C172143740038609E /* Products */ = {
			isa = PBXGroup;
			children = (
				0A528E1B172143740038609E /* imlost.app */,
			);
			name = Products;
			sourceTree = "<group>";
		};
		0A528E1D172143740038609E /* Frameworks */ = {
			isa = PBXGroup;
			children = (
				0A528E63172144310038609E /* MapKit.framework */,
				0A528E611721442B0038609E /* CoreLocation.framework */,
				0A528E1E172143740038609E /* UIKit.framework */,
				0A528E20172143740038609E /* Foundation.framework */,
				0A528E22172143740038609E /* CoreGraphics.framework */,
			);
			name = Frameworks;
			sourceTree = "<group>";
		};
		0A528E24172143740038609E /* imlost */ = {
			isa = PBXGroup;
			children = (
				0A4BB4F7179F4DB6001F5FE6 /* Model */,
				0A4BB4FE179F4DC2001F5FE6 /* View */,
				0A4BB4E2179F4D9F001F5FE6 /* Controller */,
			);
			path = imlost;
			sourceTree = "<group>";
		};
/* End PBXGroup section */

/* Begin PBXNativeTarget section */
		0A528E1A172143740038609E /* imlost */ = {
			isa = PBXNativeTarget;
			buildConfigurationList = 0A528E3E172143740038609E /* Build configuration list for PBXNativeTarget "imlost" */;
			buildPhases = (
				0A528E17172143740038609E /* Sources */,
				0A528E18172143740038609E /* Frameworks */,
				0A528E19172143740038609E /* Resources */,
			);
			buildRules = (
			);
			dependencies = (
			);
			name = imlost;
			productName = imlost;
			productReference = 0A528E1B172143740038609E /* imlost.app */;
			productType = "com.apple.product-type.application";
		};
/* End PBXNativeTarget section */

/* Begin PBXProject section */
		0A528E13172143740038609E /* Project object */ = {
			isa = PBXProject;
			attributes = {
				LastUpgradeCheck = 0460;
				ORGANIZATIONNAME = "Team Solace";
			};
			buildConfigurationList = 0A528E16172143740038609E /* Build configuration list for PBXProject "imlost" */;
			compatibilityVersion = "Xcode 3.2";
			developmentRegion = English;
			hasScannedForEncodings = 0;
			knownRegions = (
				en,
			);
			mainGroup = 0A528E12172143740038609E;
			productRefGroup = 0A528E1C172143740038609E /* Products */;
			projectDirPath = "";
			projectRoot = "";
			targets = (
				0A528E1A172143740038609E /* imlost */,
			);
		};
/* End PBXProject section */

/* Begin PBXResourcesBuildPhase section */
		0A528E19172143740038609E /* Resources */ = {
			isa = PBXResourcesBuildPhase;
			buildActionMask = 2147483647;
			files = (
				0A4BB509179F4DC2001F5FE6 /* banner_bottom.png in Resources */,
				0A4BB50A179F4DC2001F5FE6 /* button_main.png in Resources */,
				0A4BB50B179F4DC2001F5FE6 /* button_small.png in Resources */,
				0A4BB50C179F4DC2001F5FE6 /* Default-568h@2x.png in Resources */,
				0A4BB50D179F4DC2001F5FE6 /* Default.png in Resources */,
				0A4BB50E179F4DC2001F5FE6 /* Default@2x.png in Resources */,
				0A4BB50F179F4DC2001F5FE6 /* icon.png in Resources */,
				0A4BB510179F4DC2001F5FE6 /* icon@2x.png in Resources */,
				0A4BB511179F4DC2001F5FE6 /* MainStoryboard_iPhone.storyboard in Resources */,
				0A4BB520179F4EF0001F5FE6 /* imlost-Info.plist in Resources */,
				0A4BB521179F4EF0001F5FE6 /* InfoPlist.strings in Resources */,
			);
			runOnlyForDeploymentPostprocessing = 0;
		};
/* End PBXResourcesBuildPhase section */

/* Begin PBXSourcesBuildPhase section */
		0A528E17172143740038609E /* Sources */ = {
			isa = PBXSourcesBuildPhase;
			buildActionMask = 2147483647;
			files = (
				0A4BB4F0179F4D9F001F5FE6 /* AppDelegate.m in Sources */,
				0A4BB4F1179F4D9F001F5FE6 /* DataManager.m in Sources */,
				0A4BB4F2179F4D9F001F5FE6 /* main.m in Sources */,
				0A4BB4F3179F4D9F001F5FE6 /* PeopleViewController.m in Sources */,
				0A4BB4F4179F4D9F001F5FE6 /* PersonViewController.m in Sources */,
				0A4BB4F5179F4D9F001F5FE6 /* TrackingViewController.m in Sources */,
				0A4BB4F6179F4D9F001F5FE6 /* ViewController.m in Sources */,
				0A4BB4FC179F4DB6001F5FE6 /* MapPin.m in Sources */,
				0A4BB4FD179F4DB6001F5FE6 /* Person.m in Sources */,
			);
			runOnlyForDeploymentPostprocessing = 0;
		};
/* End PBXSourcesBuildPhase section */

/* Begin PBXVariantGroup section */
		0A4BB51E179F4EF0001F5FE6 /* InfoPlist.strings */ = {
			isa = PBXVariantGroup;
			children = (
				0A4BB51F179F4EF0001F5FE6 /* en */,
			);
			name = InfoPlist.strings;
			sourceTree = "<group>";
		};
/* End PBXVariantGroup section */

/* Begin XCBuildConfiguration section */
		0A528E3C172143740038609E /* Debug */ = {
			isa = XCBuildConfiguration;
			buildSettings = {
				ALWAYS_SEARCH_USER_PATHS = NO;
				CLANG_CXX_LANGUAGE_STANDARD = "gnu++0x";
				CLANG_CXX_LIBRARY = "libc++";
				CLANG_ENABLE_OBJC_ARC = YES;
				CLANG_WARN_CONSTANT_CONVERSION = YES;
				CLANG_WARN_EMPTY_BODY = YES;
				CLANG_WARN_ENUM_CONVERSION = YES;
				CLANG_WARN_INT_CONVERSION = YES;
				CLANG_WARN__DUPLICATE_METHOD_MATCH = YES;
				"CODE_SIGN_IDENTITY[sdk=iphoneos*]" = "iPhone Developer";
				COPY_PHASE_STRIP = NO;
				GCC_C_LANGUAGE_STANDARD = gnu99;
				GCC_DYNAMIC_NO_PIC = NO;
				GCC_OPTIMIZATION_LEVEL = 0;
				GCC_PREPROCESSOR_DEFINITIONS = (
					"DEBUG=1",
					"$(inherited)",
				);
				GCC_SYMBOLS_PRIVATE_EXTERN = NO;
				GCC_WARN_ABOUT_RETURN_TYPE = YES;
				GCC_WARN_UNINITIALIZED_AUTOS = YES;
				GCC_WARN_UNUSED_VARIABLE = YES;
				IPHONEOS_DEPLOYMENT_TARGET = 6.1;
				ONLY_ACTIVE_ARCH = YES;
				SDKROOT = iphoneos;
			};
			name = Debug;
		};
		0A528E3D172143740038609E /* Release */ = {
			isa = XCBuildConfiguration;
			buildSettings = {
				ALWAYS_SEARCH_USER_PATHS = NO;
				CLANG_CXX_LANGUAGE_STANDARD = "gnu++0x";
				CLANG_CXX_LIBRARY = "libc++";
				CLANG_ENABLE_OBJC_ARC = YES;
				CLANG_WARN_CONSTANT_CONVERSION = YES;
				CLANG_WARN_EMPTY_BODY = YES;
				CLANG_WARN_ENUM_CONVERSION = YES;
				CLANG_WARN_INT_CONVERSION = YES;
				CLANG_WARN__DUPLICATE_METHOD_MATCH = YES;
				"CODE_SIGN_IDENTITY[sdk=iphoneos*]" = "iPhone Developer";
				COPY_PHASE_STRIP = YES;
				GCC_C_LANGUAGE_STANDARD = gnu99;
				GCC_WARN_ABOUT_RETURN_TYPE = YES;
				GCC_WARN_UNINITIALIZED_AUTOS = YES;
				GCC_WARN_UNUSED_VARIABLE = YES;
				IPHONEOS_DEPLOYMENT_TARGET = 6.1;
				OTHER_CFLAGS = "-DNS_BLOCK_ASSERTIONS=1";
				SDKROOT = iphoneos;
				VALIDATE_PRODUCT = YES;
			};
			name = Release;
		};
		0A528E3F172143740038609E /* Debug */ = {
			isa = XCBuildConfiguration;
			buildSettings = {
				GCC_PRECOMPILE_PREFIX_HEADER = YES;
				GCC_PREFIX_HEADER = "imlost/Model/iPhone/imlost-Prefix.pch";
				INFOPLIST_FILE = "imlost/Model/iPhone/imlost-Info.plist";
				PRODUCT_NAME = "$(TARGET_NAME)";
				WRAPPER_EXTENSION = app;
			};
			name = Debug;
		};
		0A528E40172143740038609E /* Release */ = {
			isa = XCBuildConfiguration;
			buildSettings = {
				GCC_PRECOMPILE_PREFIX_HEADER = YES;
				GCC_PREFIX_HEADER = "imlost/Model/iPhone/imlost-Prefix.pch";
				INFOPLIST_FILE = "imlost/Model/iPhone/imlost-Info.plist";
				PRODUCT_NAME = "$(TARGET_NAME)";
				WRAPPER_EXTENSION = app;
			};
			name = Release;
		};
/* End XCBuildConfiguration section */

/* Begin XCConfigurationList section */
		0A528E16172143740038609E /* Build configuration list for PBXProject "imlost" */ = {
			isa = XCConfigurationList;
			buildConfigurations = (
				0A528E3C172143740038609E /* Debug */,
				0A528E3D172143740038609E /* Release */,
			);
			defaultConfigurationIsVisible = 0;
			defaultConfigurationName = Release;
		};
		0A528E3E172143740038609E /* Build configuration list for PBXNativeTarget "imlost" */ = {
			isa = XCConfigurationList;
			buildConfigurations = (
				0A528E3F172143740038609E /* Debug */,
				0A528E40172143740038609E /* Release */,
			);
			defaultConfigurationIsVisible = 0;
			defaultConfigurationName = Release;
		};
/* End XCConfigurationList section */
	};
	rootObject = 0A528E13172143740038609E /* Project object */;
}
